Microsoft Visual Studio Solution File, Format Version 12.00
# Visual Studio Version 17
VisualStudioVersion = 17.0.31903.59
MinimumVisualStudioVersion = 10.0.40219.1
Project("{FAE04EC0-301F-11D3-BF4B-00C04F79EFBC}") = "DJConnect.Windows", "src\DJConnect.Windows\DJConnect.Windows.csproj", "{9F412253-9FEF-47B9-9C6C-508B4718F996}"
EndProject
Project("{FAE04EC0-301F-11D3-BF4B-00C04F79EFBC}") = "DJConnect.Tests", "tests\DJConnect.Tests\DJConnect.Tests.csproj", "{B9EA8F82-0E6B-4E59-8522-2278EA5627DA}"
EndProject
Global
	GlobalSection(SolutionConfigurationPlatforms) = preSolution
		Debug|Any CPU = Debug|Any CPU
		Release|Any CPU = Release|Any CPU
	EndGlobalSection
	GlobalSection(ProjectConfigurationPlatforms) = postSolution
		{9F412253-9FEF-47B9-9C6C-508B4718F996}.Debug|Any CPU.ActiveCfg = Debug|Any CPU
		{9F412253-9FEF-47B9-9C6C-508B4718F996}.Debug|Any CPU.Build.0 = Debug|Any CPU
		{9F412253-9FEF-47B9-9C6C-508B4718F996}.Release|Any CPU.ActiveCfg = Release|Any CPU
		{9F412253-9FEF-47B9-9C6C-508B4718F996}.Release|Any CPU.Build.0 = Release|Any CPU
		{B9EA8F82-0E6B-4E59-8522-2278EA5627DA}.Debug|Any CPU.ActiveCfg = Debug|Any CPU
		{B9EA8F82-0E6B-4E59-8522-2278EA5627DA}.Debug|Any CPU.Build.0 = Debug|Any CPU
		{B9EA8F82-0E6B-4E59-8522-2278EA5627DA}.Release|Any CPU.ActiveCfg = Release|Any CPU
		{B9EA8F82-0E6B-4E59-8522-2278EA5627DA}.Release|Any CPU.Build.0 = Release|Any CPU
	EndGlobalSection
EndGlobal
